
Microsoft Visual Studio Solution File, Format Version 12.00
# Visual Studio Version 16
VisualStudioVersion = 16.0.32413.511
MinimumVisualStudioVersion = 10.0.40219.1
Project("{9A19103F-16F7-4668-BE54-9A1E7A4F7556}") = "UserMode", "UserMode\UserMode.csproj", "{1F6253A5-8A85-4A7B-92EF-A4635679ABD9}"
EndProject
Project("{9A19103F-16F7-4668-BE54-9A1E7A4F7556}") = "ApiGateWay", "ApiGateWay\ApiGateWay.csproj", "{C9D54D10-F6B1-4EAD-B1C4-304BD6474500}"
EndProject
Project("{9A19103F-16F7-4668-BE54-9A1E7A4F7556}") = "AdminMode", "AdminMode\AdminMode.csproj", "{1DC0B64D-27D6-4FB5-8DF0-644D2B7C422A}"
EndProject
Project("{9A19103F-16F7-4668-BE54-9A1E7A4F7556}") = "FlightBooking", "FlightBooking\FlightBooking.csproj", "{0DC0A328-252D-4BDC-A2A2-E71764FA8CDB}"
EndProject
Global
	GlobalSection(SolutionConfigurationPlatforms) = preSolution
		Debug|Any CPU = Debug|Any CPU
		Release|Any CPU = Release|Any CPU
	EndGlobalSection
	GlobalSection(ProjectConfigurationPlatforms) = postSolution
		{1F6253A5-8A85-4A7B-92EF-A4635679ABD9}.Debug|Any CPU.ActiveCfg = Debug|Any CPU
		{1F6253A5-8A85-4A7B-92EF-A4635679ABD9}.Debug|Any CPU.Build.0 = Debug|Any CPU
		{1F6253A5-8A85-4A7B-92EF-A4635679ABD9}.Release|Any CPU.ActiveCfg = Release|Any CPU
		{1F6253A5-8A85-4A7B-92EF-A4635679ABD9}.Release|Any CPU.Build.0 = Release|Any CPU
		{C9D54D10-F6B1-4EAD-B1C4-304BD6474500}.Debug|Any CPU.ActiveCfg = Debug|Any CPU
		{C9D54D10-F6B1-4EAD-B1C4-304BD6474500}.Debug|Any CPU.Build.0 = Debug|Any CPU
		{C9D54D10-F6B1-4EAD-B1C4-304BD6474500}.Release|Any CPU.ActiveCfg = Release|Any CPU
		{C9D54D10-F6B1-4EAD-B1C4-304BD6474500}.Release|Any CPU.Build.0 = Release|Any CPU
		{1DC0B64D-27D6-4FB5-8DF0-644D2B7C422A}.Debug|Any CPU.ActiveCfg = Debug|Any CPU
		{1DC0B64D-27D6-4FB5-8DF0-644D2B7C422A}.Debug|Any CPU.Build.0 = Debug|Any CPU
		{1DC0B64D-27D6-4FB5-8DF0-644D2B7C422A}.Release|Any CPU.ActiveCfg = Release|Any CPU
		{1DC0B64D-27D6-4FB5-8DF0-644D2B7C422A}.Release|Any CPU.Build.0 = Release|Any CPU
		{0DC0A328-252D-4BDC-A2A2-E71764FA8CDB}.Debug|Any CPU.ActiveCfg = Debug|Any CPU
		{0DC0A328-252D-4BDC-A2A2-E71764FA8CDB}.Debug|Any CPU.Build.0 = Debug|Any CPU
		{0DC0A328-252D-4BDC-A2A2-E71764FA8CDB}.Release|Any CPU.ActiveCfg = Release|Any CPU
		{0DC0A328-252D-4BDC-A2A2-E71764FA8CDB}.Release|Any CPU.Build.0 = Release|Any CPU
	EndGlobalSection
	GlobalSection(SolutionProperties) = preSolution
		HideSolutionNode = FALSE
	EndGlobalSection
	GlobalSection(ExtensibilityGlobals) = postSolution
		SolutionGuid = {52296854-42D6-45EF-ADE8-3CA181E35771}
	EndGlobalSection
EndGlobal
